// !$*UTF8*$!
{
	archiveVersion = 1;
	classes = {
	};
	objectVersion = 55;
	objects = {

/* Begin PBXBuildFile section */
		3F610F3C2822A192006301E8 /* AppDelegate.swift in Sources */ = {isa = PBXBuildFile; fileRef = 3F610F3B2822A192006301E8 /* AppDelegate.swift */; };
		3F610F3E2822A192006301E8 /* SceneDelegate.swift in Sources */ = {isa = PBXBuildFile; fileRef = 3F610F3D2822A192006301E8 /* SceneDelegate.swift */; };
		3F610F402822A192006301E8 /* ViewController.swift in Sources */ = {isa = PBXBuildFile; fileRef = 3F610F3F2822A192006301E8 /* ViewController.swift */; };
		3F610F432822A192006301E8 /* Main.storyboard in Resources */ = {isa = PBXBuildFile; fileRef = 3F610F412822A192006301E8 /* Main.storyboard */; };
		3F610F452822A193006301E8 /* Assets.xcassets in Resources */ = {isa = PBXBuildFile; fileRef = 3F610F442822A193006301E8 /* Assets.xcassets */; };
		3F610F482822A193006301E8 /* LaunchScreen.storyboard in Resources */ = {isa = PBXBuildFile; fileRef = 3F610F462822A193006301E8 /* LaunchScreen.storyboard */; };
		3F610F602822A2E6006301E8 /* Alegreya-BoldItalic.ttf in Resources */ = {isa = PBXBuildFile; fileRef = 3F610F552822A2E6006301E8 /* Alegreya-BoldItalic.ttf */; };
		3F610F612822A2E6006301E8 /* Alegreya-MediumItalic.ttf in Resources */ = {isa = PBXBuildFile; fileRef = 3F610F562822A2E6006301E8 /* Alegreya-MediumItalic.ttf */; };
		3F610F622822A2E6006301E8 /* Alegreya-Medium.ttf in Resources */ = {isa = PBXBuildFile; fileRef = 3F610F572822A2E6006301E8 /* Alegreya-Medium.ttf */; };
		3F610F632822A2E6006301E8 /* Alegreya-Regular.ttf in Resources */ = {isa = PBXBuildFile; fileRef = 3F610F582822A2E6006301E8 /* Alegreya-Regular.ttf */; };
		3F610F642822A2E6006301E8 /* Alegreya-ExtraBoldItalic.ttf in Resources */ = {isa = PBXBuildFile; fileRef = 3F610F592822A2E6006301E8 /* Alegreya-ExtraBoldItalic.ttf */; };
		3F610F652822A2E6006301E8 /* OFL.txt in Resources */ = {isa = PBXBuildFile; fileRef = 3F610F5A2822A2E6006301E8 /* OFL.txt */; };
		3F610F662822A2E6006301E8 /* Alegreya-ExtraBold.ttf in Resources */ = {isa = PBXBuildFile; fileRef = 3F610F5B2822A2E6006301E8 /* Alegreya-ExtraBold.ttf */; };
		3F610F672822A2E6006301E8 /* Alegreya-Bold.ttf in Resources */ = {isa = PBXBuildFile; fileRef = 3F610F5C2822A2E6006301E8 /* Alegreya-Bold.ttf */; };
		3F610F682822A2E6006301E8 /* Alegreya-Black.ttf in Resources */ = {isa = PBXBuildFile; fileRef = 3F610F5D2822A2E6006301E8 /* Alegreya-Black.ttf */; };
		3F610F692822A2E6006301E8 /* Alegreya-Italic.ttf in Resources */ = {isa = PBXBuildFile; fileRef = 3F610F5E2822A2E6006301E8 /* Alegreya-Italic.ttf */; };
		3F610F6A2822A2E6006301E8 /* Alegreya-BlackItalic.ttf in Resources */ = {isa = PBXBuildFile; fileRef = 3F610F5F2822A2E6006301E8 /* Alegreya-BlackItalic.ttf */; };
/* End PBXBuildFile section */

/* Begin PBXFileReference section */
		3F610F382822A192006301E8 /* Medeitation.app */ = {isa = PBXFileReference; explicitFileType = wrapper.application; includeInIndex = 0; path = Medeitation.app; sourceTree = BUILT_PRODUCTS_DIR; };
		3F610F3B2822A192006301E8 /* AppDelegate.swift */ = {isa = PBXFileReference; lastKnownFileType = sourcecode.swift; path = AppDelegate.swift; sourceTree = "<group>"; };
		3F610F3D2822A192006301E8 /* SceneDelegate.swift */ = {isa = PBXFileReference; lastKnownFileType = sourcecode.swift; path = SceneDelegate.swift; sourceTree = "<group>"; };
		3F610F3F2822A192006301E8 /* ViewController.swift */ = {isa = PBXFileReference; lastKnownFileType = sourcecode.swift; path = ViewController.swift; sourceTree = "<group>"; };
		3F610F422822A192006301E8 /* Base */ = {isa = PBXFileReference; lastKnownFileType = file.storyboard; name = Base; path = Base.lproj/Main.storyboard; sourceTree = "<group>"; };
		3F610F442822A193006301E8 /* Assets.xcassets */ = {isa = PBXFileReference; lastKnownFileType = folder.assetcatalog; path = Assets.xcassets; sourceTree = "<group>"; };
		3F610F472822A193006301E8 /* Base */ = {isa = PBXFileReference; lastKnownFileType = file.storyboard; name = Base; path = Base.lproj/LaunchScreen.storyboard; sourceTree = "<group>"; };
		3F610F492822A193006301E8 /* Info.plist */ = {isa = PBXFileReference; lastKnownFileType = text.plist.xml; path = Info.plist; sourceTree = "<group>"; };
		3F610F552822A2E6006301E8 /* Alegreya-BoldItalic.ttf */ = {isa = PBXFileReference; lastKnownFileType = file; path = "Alegreya-BoldItalic.ttf"; sourceTree = "<group>"; };
		3F610F562822A2E6006301E8 /* Alegreya-MediumItalic.ttf */ = {isa = PBXFileReference; lastKnownFileType = file; path = "Alegreya-MediumItalic.ttf"; sourceTree = "<group>"; };
		3F610F572822A2E6006301E8 /* Alegreya-Medium.ttf */ = {isa = PBXFileReference; lastKnownFileType = file; path = "Alegreya-Medium.ttf"; sourceTree = "<group>"; };
		3F610F582822A2E6006301E8 /* Alegreya-Regular.ttf */ = {isa = PBXFileReference; lastKnownFileType = file; path = "Alegreya-Regular.ttf"; sourceTree = "<group>"; };
		3F610F592822A2E6006301E8 /* Alegreya-ExtraBoldItalic.ttf */ = {isa = PBXFileReference; lastKnownFileType = file; path = "Alegreya-ExtraBoldItalic.ttf"; sourceTree = "<group>"; };
		3F610F5A2822A2E6006301E8 /* OFL.txt */ = {isa = PBXFileReference; fileEncoding = 4; lastKnownFileType = text; path = OFL.txt; sourceTree = "<group>"; };
		3F610F5B2822A2E6006301E8 /* Alegreya-ExtraBold.ttf */ = {isa = PBXFileReference; lastKnownFileType = file; path = "Alegreya-ExtraBold.ttf"; sourceTree = "<group>"; };
		3F610F5C2822A2E6006301E8 /* Alegreya-Bold.ttf */ = {isa = PBXFileReference; lastKnownFileType = file; path = "Alegreya-Bold.ttf"; sourceTree = "<group>"; };
		3F610F5D2822A2E6006301E8 /* Alegreya-Black.ttf */ = {isa = PBXFileReference; lastKnownFileType = file; path = "Alegreya-Black.ttf"; sourceTree = "<group>"; };
		3F610F5E2822A2E6006301E8 /* Alegreya-Italic.ttf */ = {isa = PBXFileReference; lastKnownFileType = file; path = "Alegreya-Italic.ttf"; sourceTree = "<group>"; };
		3F610F5F2822A2E6006301E8 /* Alegreya-BlackItalic.ttf */ = {isa = PBXFileReference; lastKnownFileType = file; path = "Alegreya-BlackItalic.ttf"; sourceTree = "<group>"; };
/* End PBXFileReference section */

/* Begin PBXFrameworksBuildPhase section */
		3F610F352822A192006301E8 /* Frameworks */ = {
			isa = PBXFrameworksBuildPhase;
			buildActionMask = 2147483647;
			files = (
			);
			runOnlyForDeploymentPostprocessing = 0;
		};
/* End PBXFrameworksBuildPhase section */

/* Begin PBXGroup section */
		3F610F2F2822A192006301E8 = {
			isa = PBXGroup;
			children = (
				3F610F3A2822A192006301E8 /* Medeitation */,
				3F610F392822A192006301E8 /* Products */,
			);
			sourceTree = "<group>";
		};
		3F610F392822A192006301E8 /* Products */ = {
			isa = PBXGroup;
			children = (
				3F610F382822A192006301E8 /* Medeitation.app */,
			);
			name = Products;
			sourceTree = "<group>";
		};
		3F610F3A2822A192006301E8 /* Medeitation */ = {
			isa = PBXGroup;
			children = (
				3F610F442822A193006301E8 /* Assets.xcassets */,
				3F610F522822A2A7006301E8 /* Fonts */,
				3F610F6D2822AF7B006301E8 /* Controllers */,
				3F610F6E2822AFF1006301E8 /* Storyboards */,
				3F610F492822A193006301E8 /* Info.plist */,
			);
			path = Medeitation;
			sourceTree = "<group>";
		};
		3F610F522822A2A7006301E8 /* Fonts */ = {
			isa = PBXGroup;
			children = (
				3F610F5D2822A2E6006301E8 /* Alegreya-Black.ttf */,
				3F610F5F2822A2E6006301E8 /* Alegreya-BlackItalic.ttf */,
				3F610F5C2822A2E6006301E8 /* Alegreya-Bold.ttf */,
				3F610F552822A2E6006301E8 /* Alegreya-BoldItalic.ttf */,
				3F610F5B2822A2E6006301E8 /* Alegreya-ExtraBold.ttf */,
				3F610F592822A2E6006301E8 /* Alegreya-ExtraBoldItalic.ttf */,
				3F610F5E2822A2E6006301E8 /* Alegreya-Italic.ttf */,
				3F610F572822A2E6006301E8 /* Alegreya-Medium.ttf */,
				3F610F562822A2E6006301E8 /* Alegreya-MediumItalic.ttf */,
				3F610F582822A2E6006301E8 /* Alegreya-Regular.ttf */,
				3F610F5A2822A2E6006301E8 /* OFL.txt */,
			);
			path = Fonts;
			sourceTree = "<group>";
		};
		3F610F6D2822AF7B006301E8 /* Controllers */ = {
			isa = PBXGroup;
			children = (
				3F610F3B2822A192006301E8 /* AppDelegate.swift */,
				3F610F3D2822A192006301E8 /* SceneDelegate.swift */,
				3F610F3F2822A192006301E8 /* ViewController.swift */,
			);
			path = Controllers;
			sourceTree = "<group>";
		};
		3F610F6E2822AFF1006301E8 /* Storyboards */ = {
			isa = PBXGroup;
			children = (
				3F610F412822A192006301E8 /* Main.storyboard */,
				3F610F462822A193006301E8 /* LaunchScreen.storyboard */,
			);
			path = Storyboards;
			sourceTree = "<group>";
		};
/* End PBXGroup section */

/* Begin PBXNativeTarget section */
		3F610F372822A192006301E8 /* Medeitation */ = {
			isa = PBXNativeTarget;
			buildConfigurationList = 3F610F4C2822A193006301E8 /* Build configuration list for PBXNativeTarget "Medeitation" */;
			buildPhases = (
				3F610F342822A192006301E8 /* Sources */,
				3F610F352822A192006301E8 /* Frameworks */,
				3F610F362822A192006301E8 /* Resources */,
			);
			buildRules = (
			);
			dependencies = (
			);
			name = Medeitation;
			productName = Medeitation;
			productReference = 3F610F382822A192006301E8 /* Medeitation.app */;
			productType = "com.apple.product-type.application";
		};
/* End PBXNativeTarget section */

/* Begin PBXProject section */
		3F610F302822A192006301E8 /* Project object */ = {
			isa = PBXProject;
			attributes = {
				BuildIndependentTargetsInParallel = 1;
				LastSwiftUpdateCheck = 1310;
				LastUpgradeCheck = 1310;
				TargetAttributes = {
					3F610F372822A192006301E8 = {
						CreatedOnToolsVersion = 13.1;
					};
				};
			};
			buildConfigurationList = 3F610F332822A192006301E8 /* Build configuration list for PBXProject "Medeitation" */;
			compatibilityVersion = "Xcode 13.0";
			developmentRegion = en;
			hasScannedForEncodings = 0;
			knownRegions = (
				en,
				Base,
			);
			mainGroup = 3F610F2F2822A192006301E8;
			productRefGroup = 3F610F392822A192006301E8 /* Products */;
			projectDirPath = "";
			projectRoot = "";
			targets = (
				3F610F372822A192006301E8 /* Medeitation */,
			);
		};
/* End PBXProject section */

/* Begin PBXResourcesBuildPhase section */
		3F610F362822A192006301E8 /* Resources */ = {
			isa = PBXResourcesBuildPhase;
			buildActionMask = 2147483647;
			files = (
				3F610F652822A2E6006301E8 /* OFL.txt in Resources */,
				3F610F672822A2E6006301E8 /* Alegreya-Bold.ttf in Resources */,
				3F610F692822A2E6006301E8 /* Alegreya-Italic.ttf in Resources */,
				3F610F482822A193006301E8 /* LaunchScreen.storyboard in Resources */,
				3F610F632822A2E6006301E8 /* Alegreya-Regular.ttf in Resources */,
				3F610F612822A2E6006301E8 /* Alegreya-MediumItalic.ttf in Resources */,
				3F610F682822A2E6006301E8 /* Alegreya-Black.ttf in Resources */,
				3F610F6A2822A2E6006301E8 /* Alegreya-BlackItalic.ttf in Resources */,
				3F610F452822A193006301E8 /* Assets.xcassets in Resources */,
				3F610F642822A2E6006301E8 /* Alegreya-ExtraBoldItalic.ttf in Resources */,
				3F610F622822A2E6006301E8 /* Alegreya-Medium.ttf in Resources */,
				3F610F662822A2E6006301E8 /* Alegreya-ExtraBold.ttf in Resources */,
				3F610F432822A192006301E8 /* Main.storyboard in Resources */,
				3F610F602822A2E6006301E8 /* Alegreya-BoldItalic.ttf in Resources */,
			);
			runOnlyForDeploymentPostprocessing = 0;
		};
/* End PBXResourcesBuildPhase section */

/* Begin PBXSourcesBuildPhase section */
		3F610F342822A192006301E8 /* Sources */ = {
			isa = PBXSourcesBuildPhase;
			buildActionMask = 2147483647;
			files = (
				3F610F402822A192006301E8 /* ViewController.swift in Sources */,
				3F610F3C2822A192006301E8 /* AppDelegate.swift in Sources */,
				3F610F3E2822A192006301E8 /* SceneDelegate.swift in Sources */,
			);
			runOnlyForDeploymentPostprocessing = 0;
		};
/* End PBXSourcesBuildPhase section */

/* Begin PBXVariantGroup section */
		3F610F412822A192006301E8 /* Main.storyboard */ = {
			isa = PBXVariantGroup;
			children = (
				3F610F422822A192006301E8 /* Base */,
			);
			name = Main.storyboard;
			sourceTree = "<group>";
		};
		3F610F462822A193006301E8 /* LaunchScreen.storyboard */ = {
			isa = PBXVariantGroup;
			children = (
				3F610F472822A193006301E8 /* Base */,
			);
			name = LaunchScreen.storyboard;
			sourceTree = "<group>";
		};
/* End PBXVariantGroup section */

/* Begin XCBuildConfiguration section */
		3F610F4A2822A193006301E8 /* Debug */ = {
			isa = XCBuildConfiguration;
			buildSettings = {
				ALWAYS_SEARCH_USER_PATHS = NO;
				CLANG_ANALYZER_NONNULL = YES;
				CLANG_ANALYZER_NUMBER_OBJECT_CONVERSION = YES_AGGRESSIVE;
				CLANG_CXX_LANGUAGE_STANDARD = "gnu++17";
				CLANG_CXX_LIBRARY = "libc++";
				CLANG_ENABLE_MODULES = YES;
				CLANG_ENABLE_OBJC_ARC = YES;
				CLANG_ENABLE_OBJC_WEAK = YES;
				CLANG_WARN_BLOCK_CAPTURE_AUTORELEASING = YES;
				CLANG_WARN_BOOL_CONVERSION = YES;
				CLANG_WARN_COMMA = YES;
				CLANG_WARN_CONSTANT_CONVERSION = YES;
				CLANG_WARN_DEPRECATED_OBJC_IMPLEMENTATIONS = YES;
				CLANG_WARN_DIRECT_OBJC_ISA_USAGE = YES_ERROR;
				CLANG_WARN_DOCUMENTATION_COMMENTS = YES;
				CLANG_WARN_EMPTY_BODY = YES;
				CLANG_WARN_ENUM_CONVERSION = YES;
				CLANG_WARN_INFINITE_RECURSION = YES;
				CLANG_WARN_INT_CONVERSION = YES;
				CLANG_WARN_NON_LITERAL_NULL_CONVERSION = YES;
				CLANG_WARN_OBJC_IMPLICIT_RETAIN_SELF = YES;
				CLANG_WARN_OBJC_LITERAL_CONVERSION = YES;
				CLANG_WARN_OBJC_ROOT_CLASS = YES_ERROR;
				CLANG_WARN_QUOTED_INCLUDE_IN_FRAMEWORK_HEADER = YES;
				CLANG_WARN_RANGE_LOOP_ANALYSIS = YES;
				CLANG_WARN_STRICT_PROTOTYPES = YES;
				CLANG_WARN_SUSPICIOUS_MOVE = YES;
				CLANG_WARN_UNGUARDED_AVAILABILITY = YES_AGGRESSIVE;
				CLANG_WARN_UNREACHABLE_CODE = YES;
				CLANG_WARN__DUPLICATE_METHOD_MATCH = YES;
				COPY_PHASE_STRIP = NO;
				DEBUG_INFORMATION_FORMAT = dwarf;
				ENABLE_STRICT_OBJC_MSGSEND = YES;
				ENABLE_TESTABILITY = YES;
				GCC_C_LANGUAGE_STANDARD = gnu11;
				GCC_DYNAMIC_NO_PIC = NO;
				GCC_NO_COMMON_BLOCKS = YES;
				GCC_OPTIMIZATION_LEVEL = 0;
				GCC_PREPROCESSOR_DEFINITIONS = (
					"DEBUG=1",
					"$(inherited)",
				);
				GCC_WARN_64_TO_32_BIT_CONVERSION = YES;
				GCC_WARN_ABOUT_RETURN_TYPE = YES_ERROR;
				GCC_WARN_UNDECLARED_SELECTOR = YES;
				GCC_WARN_UNINITIALIZED_AUTOS = YES_AGGRESSIVE;
				GCC_WARN_UNUSED_FUNCTION = YES;
				GCC_WARN_UNUSED_VARIABLE = YES;
				IPHONEOS_DEPLOYMENT_TARGET = 15.0;
				MTL_ENABLE_DEBUG_INFO = INCLUDE_SOURCE;
				MTL_FAST_MATH = YES;
				ONLY_ACTIVE_ARCH = YES;
				SDKROOT = iphoneos;
				SWIFT_ACTIVE_COMPILATION_CONDITIONS = DEBUG;
				SWIFT_OPTIMIZATION_LEVEL = "-Onone";
			};
			name = Debug;
		};
		3F610F4B2822A193006301E8 /* Release */ = {
			isa = XCBuildConfiguration;
			buildSettings = {
				ALWAYS_SEARCH_USER_PATHS = NO;
				CLANG_ANALYZER_NONNULL = YES;
				CLANG_ANALYZER_NUMBER_OBJECT_CONVERSION = YES_AGGRESSIVE;
				CLANG_CXX_LANGUAGE_STANDARD = "gnu++17";
				CLANG_CXX_LIBRARY = "libc++";
				CLANG_ENABLE_MODULES = YES;
				CLANG_ENABLE_OBJC_ARC = YES;
				CLANG_ENABLE_OBJC_WEAK = YES;
				CLANG_WARN_BLOCK_CAPTURE_AUTORELEASING = YES;
				CLANG_WARN_BOOL_CONVERSION = YES;
				CLANG_WARN_COMMA = YES;
				CLANG_WARN_CONSTANT_CONVERSION = YES;
				CLANG_WARN_DEPRECATED_OBJC_IMPLEMENTATIONS = YES;
				CLANG_WARN_DIRECT_OBJC_ISA_USAGE = YES_ERROR;
				CLANG_WARN_DOCUMENTATION_COMMENTS = YES;
				CLANG_WARN_EMPTY_BODY = YES;
				CLANG_WARN_ENUM_CONVERSION = YES;
				CLANG_WARN_INFINITE_RECURSION = YES;
				CLANG_WARN_INT_CONVERSION = YES;
				CLANG_WARN_NON_LITERAL_NULL_CONVERSION = YES;
				CLANG_WARN_OBJC_IMPLICIT_RETAIN_SELF = YES;
				CLANG_WARN_OBJC_LITERAL_CONVERSION = YES;
				CLANG_WARN_OBJC_ROOT_CLASS = YES_ERROR;
				CLANG_WARN_QUOTED_INCLUDE_IN_FRAMEWORK_HEADER = YES;
				CLANG_WARN_RANGE_LOOP_ANALYSIS = YES;
				CLANG_WARN_STRICT_PROTOTYPES = YES;
				CLANG_WARN_SUSPICIOUS_MOVE = YES;
				CLANG_WARN_UNGUARDED_AVAILABILITY = YES_AGGRESSIVE;
				CLANG_WARN_UNREACHABLE_CODE = YES;
				CLANG_WARN__DUPLICATE_METHOD_MATCH = YES;
				COPY_PHASE_STRIP = NO;
				DEBUG_INFORMATION_FORMAT = "dwarf-with-dsym";
				ENABLE_NS_ASSERTIONS = NO;
				ENABLE_STRICT_OBJC_MSGSEND = YES;
				GCC_C_LANGUAGE_STANDARD = gnu11;
				GCC_NO_COMMON_BLOCKS = YES;
				GCC_WARN_64_TO_32_BIT_CONVERSION = YES;
				GCC_WARN_ABOUT_RETURN_TYPE = YES_ERROR;
				GCC_WARN_UNDECLARED_SELECTOR = YES;
				GCC_WARN_UNINITIALIZED_AUTOS = YES_AGGRESSIVE;
				GCC_WARN_UNUSED_FUNCTION = YES;
				GCC_WARN_UNUSED_VARIABLE = YES;
				IPHONEOS_DEPLOYMENT_TARGET = 15.0;
				MTL_ENABLE_DEBUG_INFO = NO;
				MTL_FAST_MATH = YES;
				SDKROOT = iphoneos;
				SWIFT_COMPILATION_MODE = wholemodule;
				SWIFT_OPTIMIZATION_LEVEL = "-O";
				VALIDATE_PRODUCT = YES;
			};
			name = Release;
		};
		3F610F4D2822A193006301E8 /* Debug */ = {
			isa = XCBuildConfiguration;
			buildSettings = {
				ASSETCATALOG_COMPILER_APPICON_NAME = AppIcon;
				ASSETCATALOG_COMPILER_GLOBAL_ACCENT_COLOR_NAME = AccentColor;
				CODE_SIGN_STYLE = Automatic;
				CURRENT_PROJECT_VERSION = 1;
				GENERATE_INFOPLIST_FILE = YES;
				INFOPLIST_FILE = Medeitation/Info.plist;
				INFOPLIST_KEY_UIApplicationSupportsIndirectInputEvents = YES;
				INFOPLIST_KEY_UILaunchStoryboardName = LaunchScreen;
				INFOPLIST_KEY_UIMainStoryboardFile = Main;
				INFOPLIST_KEY_UISupportedInterfaceOrientations_iPad = "UIInterfaceOrientationPortrait UIInterfaceOrientationPortraitUpsideDown UIInterfaceOrientationLandscapeLeft UIInterfaceOrientationLandscapeRight";
				INFOPLIST_KEY_UISupportedInterfaceOrientations_iPhone = "UIInterfaceOrientationPortrait UIInterfaceOrientationLandscapeLeft UIInterfaceOrientationLandscapeRight";
				LD_RUNPATH_SEARCH_PATHS = (
					"$(inherited)",
					"@executable_path/Frameworks",
				);
				MARKETING_VERSION = 1.0;
				PRODUCT_BUNDLE_IDENTIFIER = kp11.Medeitation;
				PRODUCT_NAME = "$(TARGET_NAME)";
				SWIFT_EMIT_LOC_STRINGS = YES;
				SWIFT_VERSION = 5.0;
				TARGETED_DEVICE_FAMILY = 1;
			};
			name = Debug;
		};
		3F610F4E2822A193006301E8 /* Release */ = {
			isa = XCBuildConfiguration;
			buildSettings = {
				ASSETCATALOG_COMPILER_APPICON_NAME = AppIcon;
				ASSETCATALOG_COMPILER_GLOBAL_ACCENT_COLOR_NAME = AccentColor;
				CODE_SIGN_STYLE = Automatic;
				CURRENT_PROJECT_VERSION = 1;
				GENERATE_INFOPLIST_FILE = YES;
				INFOPLIST_FILE = Medeitation/Info.plist;
				INFOPLIST_KEY_UIApplicationSupportsIndirectInputEvents = YES;
				INFOPLIST_KEY_UILaunchStoryboardName = LaunchScreen;
				INFOPLIST_KEY_UIMainStoryboardFile = Main;
				INFOPLIST_KEY_UISupportedInterfaceOrientations_iPad = "UIInterfaceOrientationPortrait UIInterfaceOrientationPortraitUpsideDown UIInterfaceOrientationLandscapeLeft UIInterfaceOrientationLandscapeRight";
				INFOPLIST_KEY_UISupportedInterfaceOrientations_iPhone = "UIInterfaceOrientationPortrait UIInterfaceOrientationLandscapeLeft UIInterfaceOrientationLandscapeRight";
				LD_RUNPATH_SEARCH_PATHS = (
					"$(inherited)",
					"@executable_path/Frameworks",
				);
				MARKETING_VERSION = 1.0;
				PRODUCT_BUNDLE_IDENTIFIER = kp11.Medeitation;
				PRODUCT_NAME = "$(TARGET_NAME)";
				SWIFT_EMIT_LOC_STRINGS = YES;
				SWIFT_VERSION = 5.0;
				TARGETED_DEVICE_FAMILY = 1;
			};
			name = Release;
		};
/* End XCBuildConfiguration section */

/* Begin XCConfigurationList section */
		3F610F332822A192006301E8 /* Build configuration list for PBXProject "Medeitation" */ = {
			isa = XCConfigurationList;
			buildConfigurations = (
				3F610F4A2822A193006301E8 /* Debug */,
				3F610F4B2822A193006301E8 /* Release */,
			);
			defaultConfigurationIsVisible = 0;
			defaultConfigurationName = Release;
		};
		3F610F4C2822A193006301E8 /* Build configuration list for PBXNativeTarget "Medeitation" */ = {
			isa = XCConfigurationList;
			buildConfigurations = (
				3F610F4D2822A193006301E8 /* Debug */,
				3F610F4E2822A193006301E8 /* Release */,
			);
			defaultConfigurationIsVisible = 0;
			defaultConfigurationName = Release;
		};
/* End XCConfigurationList section */
	};
	rootObject = 3F610F302822A192006301E8 /* Project object */;
}
